<?xml version="1.0" encoding="utf-8"?>
<Project ToolsVersion="4.0" xmlns="http://schemas.microsoft.com/developer/msbuild/2003">
  <ItemGroup>
    <Filter Include="CadBerry">
      <UniqueIdentifier>{918CE669-7D59-4175-A672-2F1D929E7603}</UniqueIdentifier>
    </Filter>
    <Filter Include="CadBerry\Biology">
      <UniqueIdentifier>{75B5CB2D-61AE-EA7F-8AE0-CF047638CA8B}</UniqueIdentifier>
    </Filter>
    <Filter Include="CadBerry\BuildEngine">
      <UniqueIdentifier>{86C8DAC5-7257-648F-1B76-788A07E47435}</UniqueIdentifier>
    </Filter>
    <Filter Include="CadBerry\Chemistry">
      <UniqueIdentifier>{5847F257-442B-B3AD-AD8B-AD00998E9D2F}</UniqueIdentifier>
    </Filter>
    <Filter Include="CadBerry\DNAVis">
      <UniqueIdentifier>{65291323-D1B4-80E7-DAC5-03DC46D0DCE7}</UniqueIdentifier>
    </Filter>
    <Filter Include="CadBerry\Events">
      <UniqueIdentifier>{554B5028-C1D6-BDEC-CAE7-40E136F219ED}</UniqueIdentifier>
    </Filter>
    <Filter Include="CadBerry\ImGui">
      <UniqueIdentifier>{7B6A64A4-6738-58AA-50CC-C8D03C39340F}</UniqueIdentifier>
    </Filter>
    <Filter Include="CadBerry\ImGui\ImPlot">
      <UniqueIdentifier>{DF56C6E5-4BC3-81E0-14B7-193E80E2A348}</UniqueIdentifier>
    </Filter>
    <Filter Include="CadBerry\Math">
      <UniqueIdentifier>{0A749871-7634-14A8-3F6F-5D25ABEE5884}</UniqueIdentifier>
    </Filter>
    <Filter Include="CadBerry\Module">
      <UniqueIdentifier>{26757A3A-9200-E8FE-9B11-6BF3071C44FF}</UniqueIdentifier>
    </Filter>
    <Filter Include="CadBerry\Packages">
      <UniqueIdentifier>{DF72F24E-4B89-F0E4-9400-7C060056C16C}</UniqueIdentifier>
    </Filter>
    <Filter Include="CadBerry\Platform">
      <UniqueIdentifier>{057CAE99-7192-AC2F-BA09-3851265F7DB7}</UniqueIdentifier>
    </Filter>
    <Filter Include="CadBerry\Platform\OpenGL">
      <UniqueIdentifier>{99CDB08C-85F2-FF0C-AE3D-E59C9AC1FE2A}</UniqueIdentifier>
    </Filter>
    <Filter Include="CadBerry\Platform\Windows">
      <UniqueIdentifier>{3F5BE67A-AB1D-1A05-F4CD-A89160CFF2E2}</UniqueIdentifier>
    </Filter>
    <Filter Include="CadBerry\Project">
      <UniqueIdentifier>{D7317878-C32A-97CA-EC5C-7C4FD8B476D6}</UniqueIdentifier>
    </Filter>
    <Filter Include="CadBerry\ProteinStructure">
      <UniqueIdentifier>{F23A8B3D-5EFD-BEC7-A7AD-4D5413AF97A5}</UniqueIdentifier>
    </Filter>
    <Filter Include="CadBerry\RenderUtils">
      <UniqueIdentifier>{B1B59173-9D44-1B3D-4663-2F3832D12BE3}</UniqueIdentifier>
    </Filter>
    <Filter Include="CadBerry\Rendering">
      <UniqueIdentifier>{1EFFFB05-0AE3-BC5B-7343-B7AE5F46A7DD}</UniqueIdentifier>
    </Filter>
    <Filter Include="CadBerry\Rendering\Image">
      <UniqueIdentifier>{903F1B11-7C64-6A91-A5AF-4F21913369AF}</UniqueIdentifier>
    </Filter>
    <Filter Include="CadBerry\Rendering\Utils">
      <UniqueIdentifier>{FE5EF811-EA83-4792-13CF-2C22FF5246B0}</UniqueIdentifier>
    </Filter>
    <Filter Include="CadBerry\Tests">
      <UniqueIdentifier>{13D027A5-FF9D-1BAB-E831-8CD1D49EF70F}</UniqueIdentifier>
    </Filter>
    <Filter Include="CadBerry\Threading">
      <UniqueIdentifier>{166CA8E9-0250-693F-6BB0-639257B353C1}</UniqueIdentifier>
    </Filter>
    <Filter Include="CadBerry\Utils">
      <UniqueIdentifier>{B1F641A5-9DC4-35AB-8658-A6D172C51110}</UniqueIdentifier>
    </Filter>
  </ItemGroup>
  <ItemGroup>
    <ClInclude Include="src\CadBerry.h" />
    <ClInclude Include="src\CadBerry\Application.h">
      <Filter>CadBerry</Filter>
    </ClInclude>
    <ClInclude Include="src\CadBerry\Biology\Organism.h">
      <Filter>CadBerry\Biology</Filter>
    </ClInclude>
    <ClInclude Include="src\CadBerry\BuildEngine\BuildDialog.h">
      <Filter>CadBerry\BuildEngine</Filter>
    </ClInclude>
    <ClInclude Include="src\CadBerry\BuildEngine\BuildEngine.h">
      <Filter>CadBerry\BuildEngine</Filter>
    </ClInclude>
    <ClInclude Include="src\CadBerry\Chemistry\AtomGraph.h">
      <Filter>CadBerry\Chemistry</Filter>
    </ClInclude>
    <ClInclude Include="src\CadBerry\Core.h">
      <Filter>CadBerry</Filter>
    </ClInclude>
    <ClInclude Include="src\CadBerry\DNAVis\DisplayColours.h">
      <Filter>CadBerry\DNAVis</Filter>
    </ClInclude>
    <ClInclude Include="src\CadBerry\DNAVis\DisplayDNA.h">
      <Filter>CadBerry\DNAVis</Filter>
    </ClInclude>
    <ClInclude Include="src\CadBerry\DNAVis\DisplayRegion.h">
      <Filter>CadBerry\DNAVis</Filter>
    </ClInclude>
    <ClInclude Include="src\CadBerry\Events\ApplicationEvent.h">
      <Filter>CadBerry\Events</Filter>
    </ClInclude>
    <ClInclude Include="src\CadBerry\Events\BuildEvent.h">
      <Filter>CadBerry\Events</Filter>
    </ClInclude>
    <ClInclude Include="src\CadBerry\Events\Event.h">
      <Filter>CadBerry\Events</Filter>
    </ClInclude>
    <ClInclude Include="src\CadBerry\Events\KeyEvent.h">
      <Filter>CadBerry\Events</Filter>
    </ClInclude>
    <ClInclude Include="src\CadBerry\Events\MouseEvent.h">
      <Filter>CadBerry\Events</Filter>
    </ClInclude>
    <ClInclude Include="src\CadBerry\ImGui\ImGuiLayer.h">
      <Filter>CadBerry\ImGui</Filter>
    </ClInclude>
    <ClInclude Include="src\CadBerry\ImGui\ImPlot\implot.h">
      <Filter>CadBerry\ImGui\ImPlot</Filter>
    </ClInclude>
    <ClInclude Include="src\CadBerry\Input.h">
      <Filter>CadBerry</Filter>
    </ClInclude>
    <ClInclude Include="src\CadBerry\KeyCode.h">
      <Filter>CadBerry</Filter>
    </ClInclude>
    <ClInclude Include="src\CadBerry\Layer.h">
      <Filter>CadBerry</Filter>
    </ClInclude>
    <ClInclude Include="src\CadBerry\LayerStack.h">
      <Filter>CadBerry</Filter>
    </ClInclude>
    <ClInclude Include="src\CadBerry\Log.h">
      <Filter>CadBerry</Filter>
    </ClInclude>
    <ClInclude Include="src\CadBerry\Math.h">
      <Filter>CadBerry</Filter>
    </ClInclude>
    <ClInclude Include="src\CadBerry\Math\Equation.h">
      <Filter>CadBerry\Math</Filter>
    </ClInclude>
    <ClInclude Include="src\CadBerry\Module\Module.h">
      <Filter>CadBerry\Module</Filter>
    </ClInclude>
    <ClInclude Include="src\CadBerry\Module\Viewport.h">
      <Filter>CadBerry\Module</Filter>
    </ClInclude>
    <ClInclude Include="src\CadBerry\MouseCode.h">
      <Filter>CadBerry</Filter>
    </ClInclude>
    <ClInclude Include="src\CadBerry\Packages\LoadPackages.h">
      <Filter>CadBerry\Packages</Filter>
    </ClInclude>
    <ClInclude Include="src\CadBerry\Packages\Package.h">
      <Filter>CadBerry\Packages</Filter>
    </ClInclude>
    <ClInclude Include="src\CadBerry\Packages\Update.h">
      <Filter>CadBerry\Packages</Filter>
    </ClInclude>
    <ClInclude Include="src\CadBerry\Platform\OpenGL\OpenGLBuffer.h">
      <Filter>CadBerry\Platform\OpenGL</Filter>
    </ClInclude>
    <ClInclude Include="src\CadBerry\Platform\OpenGL\OpenGLContext.h">
      <Filter>CadBerry\Platform\OpenGL</Filter>
    </ClInclude>
    <ClInclude Include="src\CadBerry\Platform\OpenGL\OpenGLRenderTarget.h">
      <Filter>CadBerry\Platform\OpenGL</Filter>
    </ClInclude>
    <ClInclude Include="src\CadBerry\Platform\OpenGL\OpenGLRendererAPI.h">
      <Filter>CadBerry\Platform\OpenGL</Filter>
    </ClInclude>
    <ClInclude Include="src\CadBerry\Platform\OpenGL\OpenGLShader.h">
      <Filter>CadBerry\Platform\OpenGL</Filter>
    </ClInclude>
    <ClInclude Include="src\CadBerry\Platform\OpenGL\OpenGLTexture.h">
      <Filter>CadBerry\Platform\OpenGL</Filter>
    </ClInclude>
    <ClInclude Include="src\CadBerry\Platform\OpenGL\OpenGLVertexArray.h">
      <Filter>CadBerry\Platform\OpenGL</Filter>
    </ClInclude>
    <ClInclude Include="src\CadBerry\Platform\Windows\WindowsInput.h">
      <Filter>CadBerry\Platform\Windows</Filter>
    </ClInclude>
    <ClInclude Include="src\CadBerry\Platform\Windows\WindowsWindow.h">
      <Filter>CadBerry\Platform\Windows</Filter>
    </ClInclude>
    <ClInclude Include="src\CadBerry\Project\CreateProject.h">
      <Filter>CadBerry\Project</Filter>
    </ClInclude>
    <ClInclude Include="src\CadBerry\Project\Project.h">
      <Filter>CadBerry\Project</Filter>
    </ClInclude>
    <ClInclude Include="src\CadBerry\ProteinStructure\PDBFile.h">
      <Filter>CadBerry\ProteinStructure</Filter>
    </ClInclude>
    <ClInclude Include="src\CadBerry\RenderUtils\InputVector.h">
      <Filter>CadBerry\RenderUtils</Filter>
    </ClInclude>
    <ClInclude Include="src\CadBerry\RenderUtils\NumberLine.h">
      <Filter>CadBerry\RenderUtils</Filter>
    </ClInclude>
    <ClInclude Include="src\CadBerry\RenderUtils\RichText.h">
      <Filter>CadBerry\RenderUtils</Filter>
    </ClInclude>
    <ClInclude Include="src\CadBerry\Rendering\Buffer.h">
      <Filter>CadBerry\Rendering</Filter>
    </ClInclude>
    <ClInclude Include="src\CadBerry\Rendering\Camera.h">
      <Filter>CadBerry\Rendering</Filter>
    </ClInclude>
    <ClInclude Include="src\CadBerry\Rendering\GraphicsContext.h">
      <Filter>CadBerry\Rendering</Filter>
    </ClInclude>
    <ClInclude Include="src\CadBerry\Rendering\Image\CDBImage.h">
      <Filter>CadBerry\Rendering\Image</Filter>
    </ClInclude>
    <ClInclude Include="src\CadBerry\Rendering\Image\stb_image.h">
      <Filter>CadBerry\Rendering\Image</Filter>
    </ClInclude>
    <ClInclude Include="src\CadBerry\Rendering\RenderCommand.h">
      <Filter>CadBerry\Rendering</Filter>
    </ClInclude>
    <ClInclude Include="src\CadBerry\Rendering\RenderTarget.h">
      <Filter>CadBerry\Rendering</Filter>
    </ClInclude>
    <ClInclude Include="src\CadBerry\Rendering\Renderer.h">
      <Filter>CadBerry\Rendering</Filter>
    </ClInclude>
    <ClInclude Include="src\CadBerry\Rendering\RendererAPI.h">
      <Filter>CadBerry\Rendering</Filter>
    </ClInclude>
    <ClInclude Include="src\CadBerry\Rendering\Shader.h">
      <Filter>CadBerry\Rendering</Filter>
    </ClInclude>
    <ClInclude Include="src\CadBerry\Rendering\Texture.h">
      <Filter>CadBerry\Rendering</Filter>
    </ClInclude>
    <ClInclude Include="src\CadBerry\Rendering\Utils\Utils.h">
      <Filter>CadBerry\Rendering\Utils</Filter>
    </ClInclude>
    <ClInclude Include="src\CadBerry\Rendering\VertexArray.h">
      <Filter>CadBerry\Rendering</Filter>
    </ClInclude>
    <ClInclude Include="src\CadBerry\Tests\SimpleModule.h">
      <Filter>CadBerry\Tests</Filter>
    </ClInclude>
    <ClInclude Include="src\CadBerry\Tests\SimpleViewport.h">
      <Filter>CadBerry\Tests</Filter>
    </ClInclude>
    <ClInclude Include="src\CadBerry\Threading\ThreadPool.h">
      <Filter>CadBerry\Threading</Filter>
    </ClInclude>
    <ClInclude Include="src\CadBerry\Utils\Quicksort.h">
      <Filter>CadBerry\Utils</Filter>
    </ClInclude>
    <ClInclude Include="src\CadBerry\Utils\RNAFuncs.h">
      <Filter>CadBerry\Utils</Filter>
    </ClInclude>
    <ClInclude Include="src\CadBerry\Utils\SaveFunctions.h">
      <Filter>CadBerry\Utils</Filter>
    </ClInclude>
    <ClInclude Include="src\CadBerry\Utils\memory.h">
      <Filter>CadBerry\Utils</Filter>
    </ClInclude>
    <ClInclude Include="src\CadBerry\Window.h">
      <Filter>CadBerry</Filter>
    </ClInclude>
    <ClInclude Include="src\ImPlot.h" />
    <ClInclude Include="src\cdbpch.h" />
  </ItemGroup>
  <ItemGroup>
    <ClCompile Include="src\CadBerry\Application.cpp">
      <Filter>CadBerry</Filter>
    </ClCompile>
    <ClCompile Include="src\CadBerry\Biology\Organism.cpp">
      <Filter>CadBerry\Biology</Filter>
    </ClCompile>
    <ClCompile Include="src\CadBerry\BuildEngine\BuildDialog.cpp">
      <Filter>CadBerry\BuildEngine</Filter>
    </ClCompile>
    <ClCompile Include="src\CadBerry\BuildEngine\BuildEngine.cpp">
      <Filter>CadBerry\BuildEngine</Filter>
    </ClCompile>
    <ClCompile Include="src\CadBerry\Chemistry\AtomGraph.cpp">
      <Filter>CadBerry\Chemistry</Filter>
    </ClCompile>
    <ClCompile Include="src\CadBerry\DNAVis\DisplayColours.cpp">
      <Filter>CadBerry\DNAVis</Filter>
    </ClCompile>
    <ClCompile Include="src\CadBerry\DNAVis\DisplayDNA.cpp">
      <Filter>CadBerry\DNAVis</Filter>
    </ClCompile>
    <ClCompile Include="src\CadBerry\DNAVis\DisplayRegion.cpp">
      <Filter>CadBerry\DNAVis</Filter>
    </ClCompile>
    <ClCompile Include="src\CadBerry\ImGui\ImGuiBuild.cpp">
      <Filter>CadBerry\ImGui</Filter>
    </ClCompile>
    <ClCompile Include="src\CadBerry\ImGui\ImGuiLayer.cpp">
      <Filter>CadBerry\ImGui</Filter>
    </ClCompile>
    <ClCompile Include="src\CadBerry\Layer.cpp">
      <Filter>CadBerry</Filter>
    </ClCompile>
    <ClCompile Include="src\CadBerry\LayerStack.cpp">
      <Filter>CadBerry</Filter>
    </ClCompile>
    <ClCompile Include="src\CadBerry\Log.cpp">
      <Filter>CadBerry</Filter>
    </ClCompile>
    <ClCompile Include="src\CadBerry\Math\Equation.cpp">
      <Filter>CadBerry\Math</Filter>
    </ClCompile>
    <ClCompile Include="src\CadBerry\Module\Viewport.cpp">
      <Filter>CadBerry\Module</Filter>
    </ClCompile>
    <ClCompile Include="src\CadBerry\Packages\LoadPackages.cpp">
      <Filter>CadBerry\Packages</Filter>
    </ClCompile>
    <ClCompile Include="src\CadBerry\Packages\Update.cpp">
      <Filter>CadBerry\Packages</Filter>
    </ClCompile>
    <ClCompile Include="src\CadBerry\Platform\OpenGL\OpenGLBuffer.cpp">
      <Filter>CadBerry\Platform\OpenGL</Filter>
    </ClCompile>
    <ClCompile Include="src\CadBerry\Platform\OpenGL\OpenGLContext.cpp">
      <Filter>CadBerry\Platform\OpenGL</Filter>
    </ClCompile>
    <ClCompile Include="src\CadBerry\Platform\OpenGL\OpenGLRenderTarget.cpp">
      <Filter>CadBerry\Platform\OpenGL</Filter>
    </ClCompile>
    <ClCompile Include="src\CadBerry\Platform\OpenGL\OpenGLRendererAPI.cpp">
      <Filter>CadBerry\Platform\OpenGL</Filter>
    </ClCompile>
    <ClCompile Include="src\CadBerry\Platform\OpenGL\OpenGLShader.cpp">
      <Filter>CadBerry\Platform\OpenGL</Filter>
    </ClCompile>
    <ClCompile Include="src\CadBerry\Platform\OpenGL\OpenGLTexture.cpp">
      <Filter>CadBerry\Platform\OpenGL</Filter>
    </ClCompile>
    <ClCompile Include="src\CadBerry\Platform\OpenGL\OpenGLVertexArray.cpp">
      <Filter>CadBerry\Platform\OpenGL</Filter>
    </ClCompile>
    <ClCompile Include="src\CadBerry\Platform\Windows\WindowsInput.cpp">
      <Filter>CadBerry\Platform\Windows</Filter>
    </ClCompile>
    <ClCompile Include="src\CadBerry\Platform\Windows\WindowsWindow.cpp">
      <Filter>CadBerry\Platform\Windows</Filter>
    </ClCompile>
    <ClCompile Include="src\CadBerry\Project\CreateProject.cpp">
      <Filter>CadBerry\Project</Filter>
    </ClCompile>
    <ClCompile Include="src\CadBerry\Project\Project.cpp">
      <Filter>CadBerry\Project</Filter>
    </ClCompile>
    <ClCompile Include="src\CadBerry\RenderUtils\InputVector.cpp">
      <Filter>CadBerry\RenderUtils</Filter>
    </ClCompile>
    <ClCompile Include="src\CadBerry\RenderUtils\NumberLine.cpp">
      <Filter>CadBerry\RenderUtils</Filter>
    </ClCompile>
    <ClCompile Include="src\CadBerry\RenderUtils\RichText.cpp">
      <Filter>CadBerry\RenderUtils</Filter>
    </ClCompile>
    <ClCompile Include="src\CadBerry\Rendering\Buffer.cpp">
      <Filter>CadBerry\Rendering</Filter>
    </ClCompile>
    <ClCompile Include="src\CadBerry\Rendering\Camera.cpp">
      <Filter>CadBerry\Rendering</Filter>
    </ClCompile>
    <ClCompile Include="src\CadBerry\Rendering\Image\CDBImage.cpp">
      <Filter>CadBerry\Rendering\Image</Filter>
    </ClCompile>
    <ClCompile Include="src\CadBerry\Rendering\RenderCommand.cpp">
      <Filter>CadBerry\Rendering</Filter>
    </ClCompile>
    <ClCompile Include="src\CadBerry\Rendering\RenderTarget.cpp">
      <Filter>CadBerry\Rendering</Filter>
    </ClCompile>
    <ClCompile Include="src\CadBerry\Rendering\Renderer.cpp">
      <Filter>CadBerry\Rendering</Filter>
    </ClCompile>
    <ClCompile Include="src\CadBerry\Rendering\RendererAPI.cpp">
      <Filter>CadBerry\Rendering</Filter>
    </ClCompile>
    <ClCompile Include="src\CadBerry\Rendering\Shader.cpp">
      <Filter>CadBerry\Rendering</Filter>
    </ClCompile>
    <ClCompile Include="src\CadBerry\Rendering\Texture.cpp">
      <Filter>CadBerry\Rendering</Filter>
    </ClCompile>
    <ClCompile Include="src\CadBerry\Rendering\Utils\Utils.cpp">
      <Filter>CadBerry\Rendering\Utils</Filter>
    </ClCompile>
    <ClCompile Include="src\CadBerry\Rendering\VertexArray.cpp">
      <Filter>CadBerry\Rendering</Filter>
    </ClCompile>
    <ClCompile Include="src\CadBerry\Threading\ThreadPool.cpp">
      <Filter>CadBerry\Threading</Filter>
    </ClCompile>
    <ClCompile Include="src\CadBerry\Utils\RNAFuncs.cpp">
      <Filter>CadBerry\Utils</Filter>
    </ClCompile>
    <ClCompile Include="src\CadBerry\Utils\SaveFunctions.cpp">
      <Filter>CadBerry\Utils</Filter>
    </ClCompile>
    <ClCompile Include="src\CadBerry\Utils\memory.cpp">
      <Filter>CadBerry\Utils</Filter>
    </ClCompile>
    <ClCompile Include="src\cdbpch.cpp" />
  </ItemGroup>
</Project>